<?xml version="1.0" encoding="utf-8"?>
<Project ToolsVersion="4.0" xmlns="http://schemas.microsoft.com/developer/msbuild/2003">
  <ItemGroup>
    <Filter Include="Source Files">
      <UniqueIdentifier>{9fec8009-bda7-4867-93ff-b58d7989e9b4}</UniqueIdentifier>
      <Extensions>cpp;c;cxx;def;odl;idl;hpj;bat;asm</Extensions>
    </Filter>
    <Filter Include="Header Files">
      <UniqueIdentifier>{40e6849e-bb2c-420e-ba8f-bd4bec244fbc}</UniqueIdentifier>
      <Extensions>h;hpp;hxx;hm;inl;inc</Extensions>
    </Filter>
    <Filter Include="Resource Files">
      <UniqueIdentifier>{cec6acdb-7880-400e-a8a6-d7a121e1279c}</UniqueIdentifier>
      <Extensions>rc;ico;cur;bmp;dlg;rc2;rct;bin;rgs;gif;jpg;jpeg;jpe;manifest;xpm;ver</Extensions>
    </Filter>
  </ItemGroup>
  <ItemGroup>
    <ClCompile Include="src\Dark.cpp">
      <Filter>Source Files</Filter>
    </ClCompile>
    <ClCompile Include="src\Edit.cpp">
      <Filter>Source Files</Filter>
    </ClCompile>
    <ClCompile Include="src\Helpers.cpp">
      <Filter>Source Files</Filter>
    </ClCompile>
    <ClCompile Include="src\Dialogs.cpp">
      <Filter>Source Files</Filter>
    </ClCompile>
    <ClCompile Include="src\Notepatch.cpp">
      <Filter>Source Files</Filter>
    </ClCompile>
  </ItemGroup>
  <ItemGroup>
    <ClInclude Include="src\Edit.h">
      <Filter>Header Files</Filter>
    </ClInclude>
    <ClInclude Include="src\Dark.h">
      <Filter>Header Files</Filter>
    </ClInclude>
    <ClInclude Include="src\Helpers.h">
      <Filter>Header Files</Filter>
    </ClInclude>
    <ClInclude Include="src\Debug.h">
      <Filter>Header Files</Filter>
    </ClInclude>
    <ClInclude Include="src\Dialogs.h">
      <Filter>Header Files</Filter>
    </ClInclude>
    <ClInclude Include="src\Notepatch.h">
      <Filter>Header Files</Filter>
    </ClInclude>
    <ClInclude Include="src\Resource.h">
      <Filter>Header Files</Filter>
    </ClInclude>
    <ClInclude Include="src\Version.h">
      <Filter>Header Files</Filter>
    </ClInclude>
  </ItemGroup>
  <ItemGroup>
    <None Include="src\Notepatch.ver">
      <Filter>Resource Files</Filter>
    </None>
    <None Include="res\Notepatch.ico">
      <Filter>Resource Files</Filter>
    </None>
  </ItemGroup>
  <ItemGroup>
    <ResourceCompile Include="src\Notepatch.rc">
      <Filter>Resource Files</Filter>
    </ResourceCompile>
  </ItemGroup>
  <ItemGroup>
    <Manifest Include="res\Notepatch.exe.manifest">
      <Filter>Resource Files</Filter>
    </Manifest>
  </ItemGroup>
</Project>